github.com/alecthomas/participle/v2 v2.1.4 h1:W/H79S8Sat/krZ3el6sQMvMaahJ+XcM9WSI2naI7w2U=
github.com/alecthomas/participle/v2 v2.1.4/go.mod h1:8tqVbpTX20Ru4NfYQgZf4mP18eXPTBViyMWiArNEgGI=
github.com/pkg/errors v0.9.1 h1:FEBLx1zS214owpjy7qsBeixbURkuhQAwrK5UwLGTwt4=
github.com/pkg/errors v0.9.1/go.mod h1:bwawxfHBFNV+L2hUp1rHADufV3IMtnDRdf1r5NINEl0=
golang.org/x/exp v0.0.0-20251125195548-87e1e737ad39 h1:DHNhtq3sNNzrvduZZIiFyXWOL9IWaDPHqTnLJp+rCBY=
golang.org/x/exp v0.0.0-20251125195548-87e1e737ad39/go.mod h1:46edojNIoXTNOhySWIWdix628clX9ODXwPsQuG6hsK0=
